
Microsoft Visual Studio Solution File, Format Version 12.00
# Visual Studio Version 17
VisualStudioVersion = 17.0.31903.59
MinimumVisualStudioVersion = 10.0.40219.1
Project("{2150E333-8FDC-42A3-9474-1A3956D46DE8}") = "src", "src", "{827E0CD3-B72D-47B6-A68D-7590B98EB39B}"
EndProject
Project("{2150E333-8FDC-42A3-9474-1A3956D46DE8}") = "test", "test", "{B3037B5C-2746-4A56-A833-2A9B804C8821}"
EndProject
Project("{2150E333-8FDC-42A3-9474-1A3956D46DE8}") = "samples", "samples", "{6A6B7B5C-2746-4A56-A833-2A9B804C8822}"
EndProject
Project("{FAE04EC0-301F-11D3-BF4B-00C04F79EFBC}") = "PlaxionMediator.Abstractions", "src\PlaxionMediator.Abstractions\PlaxionMediator.Abstractions.csproj", "{CA5C77C6-96D9-42B6-96BC-1B239CD1E697}"
EndProject
Project("{FAE04EC0-301F-11D3-BF4B-00C04F79EFBC}") = "PlaxionMediator.Core", "src\PlaxionMediator.Core\PlaxionMediator.Core.csproj", "{5C663A5A-D78C-44FF-8605-1E52E78CA3FF}"
EndProject
Project("{FAE04EC0-301F-11D3-BF4B-00C04F79EFBC}") = "PlaxionMediator.Pipeline", "src\PlaxionMediator.Pipeline\PlaxionMediator.Pipeline.csproj", "{35F8CE80-BAD6-488C-9F28-A380B1C8282E}"
EndProject
Project("{FAE04EC0-301F-11D3-BF4B-00C04F79EFBC}") = "PlaxionMediator.SourceGenerators", "src\PlaxionMediator.SourceGenerators\PlaxionMediator.SourceGenerators.csproj", "{9D2BE7B8-4882-4A95-AA68-D710E8D2F60E}"
EndProject
Project("{FAE04EC0-301F-11D3-BF4B-00C04F79EFBC}") = "PlaxionMediator.Analyzers", "src\PlaxionMediator.Analyzers\PlaxionMediator.Analyzers.csproj", "{67B819E5-285A-40BC-8DE1-2FF63E726701}"
EndProject
Project("{FAE04EC0-301F-11D3-BF4B-00C04F79EFBC}") = "PlaxionMediator.DependencyInjection", "src\PlaxionMediator.DependencyInjection\PlaxionMediator.DependencyInjection.csproj", "{203D9E4B-5A43-428E-9730-6944F57D8BC8}"
EndProject
Project("{FAE04EC0-301F-11D3-BF4B-00C04F79EFBC}") = "PlaxionMediator.Testing", "src\PlaxionMediator.Testing\PlaxionMediator.Testing.csproj", "{A3448536-EB1D-4919-895F-19D92F29DFE4}"
EndProject
Project("{FAE04EC0-301F-11D3-BF4B-00C04F79EFBC}") = "PlaxionMediator.Abstractions.Tests", "test\PlaxionMediator.Abstractions.Tests\PlaxionMediator.Abstractions.Tests.csproj", "{BCE3F28C-6E56-4B9B-8852-92CD471F5B5F}"
EndProject
Project("{FAE04EC0-301F-11D3-BF4B-00C04F79EFBC}") = "PlaxionMediator.Core.Tests", "test\PlaxionMediator.Core.Tests\PlaxionMediator.Core.Tests.csproj", "{89C8B6A4-9153-4F89-AF78-010E71F130DE}"
EndProject
Project("{FAE04EC0-301F-11D3-BF4B-00C04F79EFBC}") = "PlaxionMediator.Pipeline.Tests", "test\PlaxionMediator.Pipeline.Tests\PlaxionMediator.Pipeline.Tests.csproj", "{3859F07D-EE1E-44E4-ADFD-33DA0F278C3E}"
EndProject
Project("{FAE04EC0-301F-11D3-BF4B-00C04F79EFBC}") = "PlaxionMediator.SourceGenerators.Tests", "test\PlaxionMediator.SourceGenerators.Tests\PlaxionMediator.SourceGenerators.Tests.csproj", "{A8BFF017-1D12-4FA1-AC44-78CC09EB8CEA}"
EndProject
Project("{FAE04EC0-301F-11D3-BF4B-00C04F79EFBC}") = "PlaxionMediator.Analyzers.Tests", "test\PlaxionMediator.Analyzers.Tests\PlaxionMediator.Analyzers.Tests.csproj", "{AB3A3381-6BCB-41A6-903B-CA5F980CC0AA}"
EndProject
Project("{FAE04EC0-301F-11D3-BF4B-00C04F79EFBC}") = "PlaxionMediator.DependencyInjection.Tests", "test\PlaxionMediator.DependencyInjection.Tests\PlaxionMediator.DependencyInjection.Tests.csproj", "{DE1908D0-495C-4446-960F-3515284E47E1}"
EndProject
Project("{FAE04EC0-301F-11D3-BF4B-00C04F79EFBC}") = "PlaxionMediator.Testing.Tests", "test\PlaxionMediator.Testing.Tests\PlaxionMediator.Testing.Tests.csproj", "{DA308016-594C-4957-8623-6AF972825664}"
EndProject
Project("{FAE04EC0-301F-11D3-BF4B-00C04F79EFBC}") = "PlaxionMediator.Sample.MinimalApi", "samples\PlaxionMediator.Sample.MinimalApi\PlaxionMediator.Sample.MinimalApi.csproj", "{22DE58A7-0E8A-4FFA-AED0-7F0E41CDD8A5}"
EndProject
Project("{FAE04EC0-301F-11D3-BF4B-00C04F79EFBC}") = "PlaxionMediator.Sample.MinimalApi.Tests", "test\PlaxionMediator.Sample.MinimalApi.Tests\PlaxionMediator.Sample.MinimalApi.Tests.csproj", "{AC053A90-BD94-49FB-89F4-1615DB2EC57E}"
EndProject
Project("{FAE04EC0-301F-11D3-BF4B-00C04F79EFBC}") = "PlaxionMediator.AspNetCore", "src\PlaxionMediator.AspNetCore\PlaxionMediator.AspNetCore.csproj", "{595D7626-D832-4BCA-B4BE-B0FFC9342D8B}"
EndProject
Project("{FAE04EC0-301F-11D3-BF4B-00C04F79EFBC}") = "PlaxionMediator.MinimalApis", "src\PlaxionMediator.MinimalApis\PlaxionMediator.MinimalApis.csproj", "{7B0A945F-C18B-48A7-9473-B2A4E32A37A2}"
EndProject
Project("{FAE04EC0-301F-11D3-BF4B-00C04F79EFBC}") = "PlaxionMediator.Sample.WebApi", "samples\PlaxionMediator.Sample.WebApi\PlaxionMediator.Sample.WebApi.csproj", "{2D25EE56-A5D9-48DA-926A-5061D5C8F357}"
EndProject
Project("{FAE04EC0-301F-11D3-BF4B-00C04F79EFBC}") = "PlaxionMediator.AspNetCore.Tests", "test\PlaxionMediator.AspNetCore.Tests\PlaxionMediator.AspNetCore.Tests.csproj", "{CBA10B31-E922-4F6F-81C2-65F63F51491F}"
EndProject
Project("{FAE04EC0-301F-11D3-BF4B-00C04F79EFBC}") = "PlaxionMediator.MinimalApis.Tests", "test\PlaxionMediator.MinimalApis.Tests\PlaxionMediator.MinimalApis.Tests.csproj", "{70680790-9B71-4600-8AD6-2A29739ECE22}"
EndProject
Project("{FAE04EC0-301F-11D3-BF4B-00C04F79EFBC}") = "PlaxionMediator.Sample.WebApi.Tests", "test\PlaxionMediator.Sample.WebApi.Tests\PlaxionMediator.Sample.WebApi.Tests.csproj", "{00B6D639-35EC-4E85-8398-4015F071425F}"
EndProject
Global
	GlobalSection(SolutionConfigurationPlatforms) = preSolution
		Debug|Any CPU = Debug|Any CPU
		Debug|x64 = Debug|x64
		Debug|x86 = Debug|x86
		Release|Any CPU = Release|Any CPU
		Release|x64 = Release|x64
		Release|x86 = Release|x86
	EndGlobalSection
	GlobalSection(ProjectConfigurationPlatforms) = postSolution
		{CA5C77C6-96D9-42B6-96BC-1B239CD1E697}.Debug|Any CPU.ActiveCfg = Debug|Any CPU
		{CA5C77C6-96D9-42B6-96BC-1B239CD1E697}.Debug|Any CPU.Build.0 = Debug|Any CPU
		{CA5C77C6-96D9-42B6-96BC-1B239CD1E697}.Debug|x64.ActiveCfg = Debug|Any CPU
		{CA5C77C6-96D9-42B6-96BC-1B239CD1E697}.Debug|x64.Build.0 = Debug|Any CPU
		{CA5C77C6-96D9-42B6-96BC-1B239CD1E697}.Debug|x86.ActiveCfg = Debug|Any CPU
		{CA5C77C6-96D9-42B6-96BC-1B239CD1E697}.Debug|x86.Build.0 = Debug|Any CPU
		{CA5C77C6-96D9-42B6-96BC-1B239CD1E697}.Release|Any CPU.ActiveCfg = Release|Any CPU
		{CA5C77C6-96D9-42B6-96BC-1B239CD1E697}.Release|Any CPU.Build.0 = Release|Any CPU
		{CA5C77C6-96D9-42B6-96BC-1B239CD1E697}.Release|x64.ActiveCfg = Release|Any CPU
		{CA5C77C6-96D9-42B6-96BC-1B239CD1E697}.Release|x64.Build.0 = Release|Any CPU
		{CA5C77C6-96D9-42B6-96BC-1B239CD1E697}.Release|x86.ActiveCfg = Release|Any CPU
		{CA5C77C6-96D9-42B6-96BC-1B239CD1E697}.Release|x86.Build.0 = Release|Any CPU
		{5C663A5A-D78C-44FF-8605-1E52E78CA3FF}.Debug|Any CPU.ActiveCfg = Debug|Any CPU
		{5C663A5A-D78C-44FF-8605-1E52E78CA3FF}.Debug|Any CPU.Build.0 = Debug|Any CPU
		{5C663A5A-D78C-44FF-8605-1E52E78CA3FF}.Debug|x64.ActiveCfg = Debug|Any CPU
		{5C663A5A-D78C-44FF-8605-1E52E78CA3FF}.Debug|x64.Build.0 = Debug|Any CPU
		{5C663A5A-D78C-44FF-8605-1E52E78CA3FF}.Debug|x86.ActiveCfg = Debug|Any CPU
		{5C663A5A-D78C-44FF-8605-1E52E78CA3FF}.Debug|x86.Build.0 = Debug|Any CPU
		{5C663A5A-D78C-44FF-8605-1E52E78CA3FF}.Release|Any CPU.ActiveCfg = Release|Any CPU
		{5C663A5A-D78C-44FF-8605-1E52E78CA3FF}.Release|Any CPU.Build.0 = Release|Any CPU
		{5C663A5A-D78C-44FF-8605-1E52E78CA3FF}.Release|x64.ActiveCfg = Release|Any CPU
		{5C663A5A-D78C-44FF-8605-1E52E78CA3FF}.Release|x64.Build.0 = Release|Any CPU
		{5C663A5A-D78C-44FF-8605-1E52E78CA3FF}.Release|x86.ActiveCfg = Release|Any CPU
		{5C663A5A-D78C-44FF-8605-1E52E78CA3FF}.Release|x86.Build.0 = Release|Any CPU
		{35F8CE80-BAD6-488C-9F28-A380B1C8282E}.Debug|Any CPU.ActiveCfg = Debug|Any CPU
		{35F8CE80-BAD6-488C-9F28-A380B1C8282E}.Debug|Any CPU.Build.0 = Debug|Any CPU
		{35F8CE80-BAD6-488C-9F28-A380B1C8282E}.Debug|x64.ActiveCfg = Debug|Any CPU
		{35F8CE80-BAD6-488C-9F28-A380B1C8282E}.Debug|x64.Build.0 = Debug|Any CPU
		{35F8CE80-BAD6-488C-9F28-A380B1C8282E}.Debug|x86.ActiveCfg = Debug|Any CPU
		{35F8CE80-BAD6-488C-9F28-A380B1C8282E}.Debug|x86.Build.0 = Debug|Any CPU
		{35F8CE80-BAD6-488C-9F28-A380B1C8282E}.Release|Any CPU.ActiveCfg = Release|Any CPU
		{35F8CE80-BAD6-488C-9F28-A380B1C8282E}.Release|Any CPU.Build.0 = Release|Any CPU
		{35F8CE80-BAD6-488C-9F28-A380B1C8282E}.Release|x64.ActiveCfg = Release|Any CPU
		{35F8CE80-BAD6-488C-9F28-A380B1C8282E}.Release|x64.Build.0 = Release|Any CPU
		{35F8CE80-BAD6-488C-9F28-A380B1C8282E}.Release|x86.ActiveCfg = Release|Any CPU
		{35F8CE80-BAD6-488C-9F28-A380B1C8282E}.Release|x86.Build.0 = Release|Any CPU
		{9D2BE7B8-4882-4A95-AA68-D710E8D2F60E}.Debug|Any CPU.ActiveCfg = Debug|Any CPU
		{9D2BE7B8-4882-4A95-AA68-D710E8D2F60E}.Debug|Any CPU.Build.0 = Debug|Any CPU
		{9D2BE7B8-4882-4A95-AA68-D710E8D2F60E}.Debug|x64.ActiveCfg = Debug|Any CPU
		{9D2BE7B8-4882-4A95-AA68-D710E8D2F60E}.Debug|x64.Build.0 = Debug|Any CPU
		{9D2BE7B8-4882-4A95-AA68-D710E8D2F60E}.Debug|x86.ActiveCfg = Debug|Any CPU
		{9D2BE7B8-4882-4A95-AA68-D710E8D2F60E}.Debug|x86.Build.0 = Debug|Any CPU
		{9D2BE7B8-4882-4A95-AA68-D710E8D2F60E}.Release|Any CPU.ActiveCfg = Release|Any CPU
		{9D2BE7B8-4882-4A95-AA68-D710E8D2F60E}.Release|Any CPU.Build.0 = Release|Any CPU
		{9D2BE7B8-4882-4A95-AA68-D710E8D2F60E}.Release|x64.ActiveCfg = Release|Any CPU
		{9D2BE7B8-4882-4A95-AA68-D710E8D2F60E}.Release|x64.Build.0 = Release|Any CPU
		{9D2BE7B8-4882-4A95-AA68-D710E8D2F60E}.Release|x86.ActiveCfg = Release|Any CPU
		{9D2BE7B8-4882-4A95-AA68-D710E8D2F60E}.Release|x86.Build.0 = Release|Any CPU
		{67B819E5-285A-40BC-8DE1-2FF63E726701}.Debug|Any CPU.ActiveCfg = Debug|Any CPU
		{67B819E5-285A-40BC-8DE1-2FF63E726701}.Debug|Any CPU.Build.0 = Debug|Any CPU
		{67B819E5-285A-40BC-8DE1-2FF63E726701}.Debug|x64.ActiveCfg = Debug|Any CPU
		{67B819E5-285A-40BC-8DE1-2FF63E726701}.Debug|x64.Build.0 = Debug|Any CPU
		{67B819E5-285A-40BC-8DE1-2FF63E726701}.Debug|x86.ActiveCfg = Debug|Any CPU
		{67B819E5-285A-40BC-8DE1-2FF63E726701}.Debug|x86.Build.0 = Debug|Any CPU
		{67B819E5-285A-40BC-8DE1-2FF63E726701}.Release|Any CPU.ActiveCfg = Release|Any CPU
		{67B819E5-285A-40BC-8DE1-2FF63E726701}.Release|Any CPU.Build.0 = Release|Any CPU
		{67B819E5-285A-40BC-8DE1-2FF63E726701}.Release|x64.ActiveCfg = Release|Any CPU
		{67B819E5-285A-40BC-8DE1-2FF63E726701}.Release|x64.Build.0 = Release|Any CPU
		{67B819E5-285A-40BC-8DE1-2FF63E726701}.Release|x86.ActiveCfg = Release|Any CPU
		{67B819E5-285A-40BC-8DE1-2FF63E726701}.Release|x86.Build.0 = Release|Any CPU
		{203D9E4B-5A43-428E-9730-6944F57D8BC8}.Debug|Any CPU.ActiveCfg = Debug|Any CPU
		{203D9E4B-5A43-428E-9730-6944F57D8BC8}.Debug|Any CPU.Build.0 = Debug|Any CPU
		{203D9E4B-5A43-428E-9730-6944F57D8BC8}.Debug|x64.ActiveCfg = Debug|Any CPU
		{203D9E4B-5A43-428E-9730-6944F57D8BC8}.Debug|x64.Build.0 = Debug|Any CPU
		{203D9E4B-5A43-428E-9730-6944F57D8BC8}.Debug|x86.ActiveCfg = Debug|Any CPU
		{203D9E4B-5A43-428E-9730-6944F57D8BC8}.Debug|x86.Build.0 = Debug|Any CPU
		{203D9E4B-5A43-428E-9730-6944F57D8BC8}.Release|Any CPU.ActiveCfg = Release|Any CPU
		{203D9E4B-5A43-428E-9730-6944F57D8BC8}.Release|Any CPU.Build.0 = Release|Any CPU
		{203D9E4B-5A43-428E-9730-6944F57D8BC8}.Release|x64.ActiveCfg = Release|Any CPU
		{203D9E4B-5A43-428E-9730-6944F57D8BC8}.Release|x64.Build.0 = Release|Any CPU
		{203D9E4B-5A43-428E-9730-6944F57D8BC8}.Release|x86.ActiveCfg = Release|Any CPU
		{203D9E4B-5A43-428E-9730-6944F57D8BC8}.Release|x86.Build.0 = Release|Any CPU
		{A3448536-EB1D-4919-895F-19D92F29DFE4}.Debug|Any CPU.ActiveCfg = Debug|Any CPU
		{A3448536-EB1D-4919-895F-19D92F29DFE4}.Debug|Any CPU.Build.0 = Debug|Any CPU
		{A3448536-EB1D-4919-895F-19D92F29DFE4}.Debug|x64.ActiveCfg = Debug|Any CPU
		{A3448536-EB1D-4919-895F-19D92F29DFE4}.Debug|x64.Build.0 = Debug|Any CPU
		{A3448536-EB1D-4919-895F-19D92F29DFE4}.Debug|x86.ActiveCfg = Debug|Any CPU
		{A3448536-EB1D-4919-895F-19D92F29DFE4}.Debug|x86.Build.0 = Debug|Any CPU
		{A3448536-EB1D-4919-895F-19D92F29DFE4}.Release|Any CPU.ActiveCfg = Release|Any CPU
		{A3448536-EB1D-4919-895F-19D92F29DFE4}.Release|Any CPU.Build.0 = Release|Any CPU
		{A3448536-EB1D-4919-895F-19D92F29DFE4}.Release|x64.ActiveCfg = Release|Any CPU
		{A3448536-EB1D-4919-895F-19D92F29DFE4}.Release|x64.Build.0 = Release|Any CPU
		{A3448536-EB1D-4919-895F-19D92F29DFE4}.Release|x86.ActiveCfg = Release|Any CPU
		{A3448536-EB1D-4919-895F-19D92F29DFE4}.Release|x86.Build.0 = Release|Any CPU
		{BCE3F28C-6E56-4B9B-8852-92CD471F5B5F}.Debug|Any CPU.ActiveCfg = Debug|Any CPU
		{BCE3F28C-6E56-4B9B-8852-92CD471F5B5F}.Debug|Any CPU.Build.0 = Debug|Any CPU
		{BCE3F28C-6E56-4B9B-8852-92CD471F5B5F}.Debug|x64.ActiveCfg = Debug|Any CPU
		{BCE3F28C-6E56-4B9B-8852-92CD471F5B5F}.Debug|x64.Build.0 = Debug|Any CPU
		{BCE3F28C-6E56-4B9B-8852-92CD471F5B5F}.Debug|x86.ActiveCfg = Debug|Any CPU
		{BCE3F28C-6E56-4B9B-8852-92CD471F5B5F}.Debug|x86.Build.0 = Debug|Any CPU
		{BCE3F28C-6E56-4B9B-8852-92CD471F5B5F}.Release|Any CPU.ActiveCfg = Release|Any CPU
		{BCE3F28C-6E56-4B9B-8852-92CD471F5B5F}.Release|Any CPU.Build.0 = Release|Any CPU
		{BCE3F28C-6E56-4B9B-8852-92CD471F5B5F}.Release|x64.ActiveCfg = Release|Any CPU
		{BCE3F28C-6E56-4B9B-8852-92CD471F5B5F}.Release|x64.Build.0 = Release|Any CPU
		{BCE3F28C-6E56-4B9B-8852-92CD471F5B5F}.Release|x86.ActiveCfg = Release|Any CPU
		{BCE3F28C-6E56-4B9B-8852-92CD471F5B5F}.Release|x86.Build.0 = Release|Any CPU
		{89C8B6A4-9153-4F89-AF78-010E71F130DE}.Debug|Any CPU.ActiveCfg = Debug|Any CPU
		{89C8B6A4-9153-4F89-AF78-010E71F130DE}.Debug|Any CPU.Build.0 = Debug|Any CPU
		{89C8B6A4-9153-4F89-AF78-010E71F130DE}.Debug|x64.ActiveCfg = Debug|Any CPU
		{89C8B6A4-9153-4F89-AF78-010E71F130DE}.Debug|x64.Build.0 = Debug|Any CPU
		{89C8B6A4-9153-4F89-AF78-010E71F130DE}.Debug|x86.ActiveCfg = Debug|Any CPU
		{89C8B6A4-9153-4F89-AF78-010E71F130DE}.Debug|x86.Build.0 = Debug|Any CPU
		{89C8B6A4-9153-4F89-AF78-010E71F130DE}.Release|Any CPU.ActiveCfg = Release|Any CPU
		{89C8B6A4-9153-4F89-AF78-010E71F130DE}.Release|Any CPU.Build.0 = Release|Any CPU
		{89C8B6A4-9153-4F89-AF78-010E71F130DE}.Release|x64.ActiveCfg = Release|Any CPU
		{89C8B6A4-9153-4F89-AF78-010E71F130DE}.Release|x64.Build.0 = Release|Any CPU
		{89C8B6A4-9153-4F89-AF78-010E71F130DE}.Release|x86.ActiveCfg = Release|Any CPU
		{89C8B6A4-9153-4F89-AF78-010E71F130DE}.Release|x86.Build.0 = Release|Any CPU
		{3859F07D-EE1E-44E4-ADFD-33DA0F278C3E}.Debug|Any CPU.ActiveCfg = Debug|Any CPU
		{3859F07D-EE1E-44E4-ADFD-33DA0F278C3E}.Debug|Any CPU.Build.0 = Debug|Any CPU
		{3859F07D-EE1E-44E4-ADFD-33DA0F278C3E}.Debug|x64.ActiveCfg = Debug|Any CPU
		{3859F07D-EE1E-44E4-ADFD-33DA0F278C3E}.Debug|x64.Build.0 = Debug|Any CPU
		{3859F07D-EE1E-44E4-ADFD-33DA0F278C3E}.Debug|x86.ActiveCfg = Debug|Any CPU
		{3859F07D-EE1E-44E4-ADFD-33DA0F278C3E}.Debug|x86.Build.0 = Debug|Any CPU
		{3859F07D-EE1E-44E4-ADFD-33DA0F278C3E}.Release|Any CPU.ActiveCfg = Release|Any CPU
		{3859F07D-EE1E-44E4-ADFD-33DA0F278C3E}.Release|Any CPU.Build.0 = Release|Any CPU
		{3859F07D-EE1E-44E4-ADFD-33DA0F278C3E}.Release|x64.ActiveCfg = Release|Any CPU
		{3859F07D-EE1E-44E4-ADFD-33DA0F278C3E}.Release|x64.Build.0 = Release|Any CPU
		{3859F07D-EE1E-44E4-ADFD-33DA0F278C3E}.Release|x86.ActiveCfg = Release|Any CPU
		{3859F07D-EE1E-44E4-ADFD-33DA0F278C3E}.Release|x86.Build.0 = Release|Any CPU
		{A8BFF017-1D12-4FA1-AC44-78CC09EB8CEA}.Debug|Any CPU.ActiveCfg = Debug|Any CPU
		{A8BFF017-1D12-4FA1-AC44-78CC09EB8CEA}.Debug|Any CPU.Build.0 = Debug|Any CPU
		{A8BFF017-1D12-4FA1-AC44-78CC09EB8CEA}.Debug|x64.ActiveCfg = Debug|Any CPU
		{A8BFF017-1D12-4FA1-AC44-78CC09EB8CEA}.Debug|x64.Build.0 = Debug|Any CPU
		{A8BFF017-1D12-4FA1-AC44-78CC09EB8CEA}.Debug|x86.ActiveCfg = Debug|Any CPU
		{A8BFF017-1D12-4FA1-AC44-78CC09EB8CEA}.Debug|x86.Build.0 = Debug|Any CPU
		{A8BFF017-1D12-4FA1-AC44-78CC09EB8CEA}.Release|Any CPU.ActiveCfg = Release|Any CPU
		{A8BFF017-1D12-4FA1-AC44-78CC09EB8CEA}.Release|Any CPU.Build.0 = Release|Any CPU
		{A8BFF017-1D12-4FA1-AC44-78CC09EB8CEA}.Release|x64.ActiveCfg = Release|Any CPU
		{A8BFF017-1D12-4FA1-AC44-78CC09EB8CEA}.Release|x64.Build.0 = Release|Any CPU
		{A8BFF017-1D12-4FA1-AC44-78CC09EB8CEA}.Release|x86.ActiveCfg = Release|Any CPU
		{A8BFF017-1D12-4FA1-AC44-78CC09EB8CEA}.Release|x86.Build.0 = Release|Any CPU
		{AB3A3381-6BCB-41A6-903B-CA5F980CC0AA}.Debug|Any CPU.ActiveCfg = Debug|Any CPU
		{AB3A3381-6BCB-41A6-903B-CA5F980CC0AA}.Debug|Any CPU.Build.0 = Debug|Any CPU
		{AB3A3381-6BCB-41A6-903B-CA5F980CC0AA}.Debug|x64.ActiveCfg = Debug|Any CPU
		{AB3A3381-6BCB-41A6-903B-CA5F980CC0AA}.Debug|x64.Build.0 = Debug|Any CPU
		{AB3A3381-6BCB-41A6-903B-CA5F980CC0AA}.Debug|x86.ActiveCfg = Debug|Any CPU
		{AB3A3381-6BCB-41A6-903B-CA5F980CC0AA}.Debug|x86.Build.0 = Debug|Any CPU
		{AB3A3381-6BCB-41A6-903B-CA5F980CC0AA}.Release|Any CPU.ActiveCfg = Release|Any CPU
		{AB3A3381-6BCB-41A6-903B-CA5F980CC0AA}.Release|Any CPU.Build.0 = Release|Any CPU
		{AB3A3381-6BCB-41A6-903B-CA5F980CC0AA}.Release|x64.ActiveCfg = Release|Any CPU
		{AB3A3381-6BCB-41A6-903B-CA5F980CC0AA}.Release|x64.Build.0 = Release|Any CPU
		{AB3A3381-6BCB-41A6-903B-CA5F980CC0AA}.Release|x86.ActiveCfg = Release|Any CPU
		{AB3A3381-6BCB-41A6-903B-CA5F980CC0AA}.Release|x86.Build.0 = Release|Any CPU
		{DE1908D0-495C-4446-960F-3515284E47E1}.Debug|Any CPU.ActiveCfg = Debug|Any CPU
		{DE1908D0-495C-4446-960F-3515284E47E1}.Debug|Any CPU.Build.0 = Debug|Any CPU
		{DE1908D0-495C-4446-960F-3515284E47E1}.Debug|x64.ActiveCfg = Debug|Any CPU
		{DE1908D0-495C-4446-960F-3515284E47E1}.Debug|x64.Build.0 = Debug|Any CPU
		{DE1908D0-495C-4446-960F-3515284E47E1}.Debug|x86.ActiveCfg = Debug|Any CPU
		{DE1908D0-495C-4446-960F-3515284E47E1}.Debug|x86.Build.0 = Debug|Any CPU
		{DE1908D0-495C-4446-960F-3515284E47E1}.Release|Any CPU.ActiveCfg = Release|Any CPU
		{DE1908D0-495C-4446-960F-3515284E47E1}.Release|Any CPU.Build.0 = Release|Any CPU
		{DE1908D0-495C-4446-960F-3515284E47E1}.Release|x64.ActiveCfg = Release|Any CPU
		{DE1908D0-495C-4446-960F-3515284E47E1}.Release|x64.Build.0 = Release|Any CPU
		{DE1908D0-495C-4446-960F-3515284E47E1}.Release|x86.ActiveCfg = Release|Any CPU
		{DE1908D0-495C-4446-960F-3515284E47E1}.Release|x86.Build.0 = Release|Any CPU
		{DA308016-594C-4957-8623-6AF972825664}.Debug|Any CPU.ActiveCfg = Debug|Any CPU
		{DA308016-594C-4957-8623-6AF972825664}.Debug|Any CPU.Build.0 = Debug|Any CPU
		{DA308016-594C-4957-8623-6AF972825664}.Debug|x64.ActiveCfg = Debug|Any CPU
		{DA308016-594C-4957-8623-6AF972825664}.Debug|x64.Build.0 = Debug|Any CPU
		{DA308016-594C-4957-8623-6AF972825664}.Debug|x86.ActiveCfg = Debug|Any CPU
		{DA308016-594C-4957-8623-6AF972825664}.Debug|x86.Build.0 = Debug|Any CPU
		{DA308016-594C-4957-8623-6AF972825664}.Release|Any CPU.ActiveCfg = Release|Any CPU
		{DA308016-594C-4957-8623-6AF972825664}.Release|Any CPU.Build.0 = Release|Any CPU
		{DA308016-594C-4957-8623-6AF972825664}.Release|x64.ActiveCfg = Release|Any CPU
		{DA308016-594C-4957-8623-6AF972825664}.Release|x64.Build.0 = Release|Any CPU
		{DA308016-594C-4957-8623-6AF972825664}.Release|x86.ActiveCfg = Release|Any CPU
		{DA308016-594C-4957-8623-6AF972825664}.Release|x86.Build.0 = Release|Any CPU
		{22DE58A7-0E8A-4FFA-AED0-7F0E41CDD8A5}.Debug|Any CPU.ActiveCfg = Debug|Any CPU
		{22DE58A7-0E8A-4FFA-AED0-7F0E41CDD8A5}.Debug|Any CPU.Build.0 = Debug|Any CPU
		{22DE58A7-0E8A-4FFA-AED0-7F0E41CDD8A5}.Debug|x64.ActiveCfg = Debug|Any CPU
		{22DE58A7-0E8A-4FFA-AED0-7F0E41CDD8A5}.Debug|x64.Build.0 = Debug|Any CPU
		{22DE58A7-0E8A-4FFA-AED0-7F0E41CDD8A5}.Debug|x86.ActiveCfg = Debug|Any CPU
		{22DE58A7-0E8A-4FFA-AED0-7F0E41CDD8A5}.Debug|x86.Build.0 = Debug|Any CPU
		{22DE58A7-0E8A-4FFA-AED0-7F0E41CDD8A5}.Release|Any CPU.ActiveCfg = Release|Any CPU
		{22DE58A7-0E8A-4FFA-AED0-7F0E41CDD8A5}.Release|Any CPU.Build.0 = Release|Any CPU
		{22DE58A7-0E8A-4FFA-AED0-7F0E41CDD8A5}.Release|x64.ActiveCfg = Release|Any CPU
		{22DE58A7-0E8A-4FFA-AED0-7F0E41CDD8A5}.Release|x64.Build.0 = Release|Any CPU
		{22DE58A7-0E8A-4FFA-AED0-7F0E41CDD8A5}.Release|x86.ActiveCfg = Release|Any CPU
		{22DE58A7-0E8A-4FFA-AED0-7F0E41CDD8A5}.Release|x86.Build.0 = Release|Any CPU
		{AC053A90-BD94-49FB-89F4-1615DB2EC57E}.Debug|Any CPU.ActiveCfg = Debug|Any CPU
		{AC053A90-BD94-49FB-89F4-1615DB2EC57E}.Debug|Any CPU.Build.0 = Debug|Any CPU
		{AC053A90-BD94-49FB-89F4-1615DB2EC57E}.Debug|x64.ActiveCfg = Debug|Any CPU
		{AC053A90-BD94-49FB-89F4-1615DB2EC57E}.Debug|x64.Build.0 = Debug|Any CPU
		{AC053A90-BD94-49FB-89F4-1615DB2EC57E}.Debug|x86.ActiveCfg = Debug|Any CPU
		{AC053A90-BD94-49FB-89F4-1615DB2EC57E}.Debug|x86.Build.0 = Debug|Any CPU
		{AC053A90-BD94-49FB-89F4-1615DB2EC57E}.Release|Any CPU.ActiveCfg = Release|Any CPU
		{AC053A90-BD94-49FB-89F4-1615DB2EC57E}.Release|Any CPU.Build.0 = Release|Any CPU
		{AC053A90-BD94-49FB-89F4-1615DB2EC57E}.Release|x64.ActiveCfg = Release|Any CPU
		{AC053A90-BD94-49FB-89F4-1615DB2EC57E}.Release|x64.Build.0 = Release|Any CPU
		{AC053A90-BD94-49FB-89F4-1615DB2EC57E}.Release|x86.ActiveCfg = Release|Any CPU
		{AC053A90-BD94-49FB-89F4-1615DB2EC57E}.Release|x86.Build.0 = Release|Any CPU
		{595D7626-D832-4BCA-B4BE-B0FFC9342D8B}.Debug|Any CPU.ActiveCfg = Debug|Any CPU
		{595D7626-D832-4BCA-B4BE-B0FFC9342D8B}.Debug|Any CPU.Build.0 = Debug|Any CPU
		{595D7626-D832-4BCA-B4BE-B0FFC9342D8B}.Debug|x64.ActiveCfg = Debug|Any CPU
		{595D7626-D832-4BCA-B4BE-B0FFC9342D8B}.Debug|x64.Build.0 = Debug|Any CPU
		{595D7626-D832-4BCA-B4BE-B0FFC9342D8B}.Debug|x86.ActiveCfg = Debug|Any CPU
		{595D7626-D832-4BCA-B4BE-B0FFC9342D8B}.Debug|x86.Build.0 = Debug|Any CPU
		{595D7626-D832-4BCA-B4BE-B0FFC9342D8B}.Release|Any CPU.ActiveCfg = Release|Any CPU
		{595D7626-D832-4BCA-B4BE-B0FFC9342D8B}.Release|Any CPU.Build.0 = Release|Any CPU
		{595D7626-D832-4BCA-B4BE-B0FFC9342D8B}.Release|x64.ActiveCfg = Release|Any CPU
		{595D7626-D832-4BCA-B4BE-B0FFC9342D8B}.Release|x64.Build.0 = Release|Any CPU
		{595D7626-D832-4BCA-B4BE-B0FFC9342D8B}.Release|x86.ActiveCfg = Release|Any CPU
		{595D7626-D832-4BCA-B4BE-B0FFC9342D8B}.Release|x86.Build.0 = Release|Any CPU
		{7B0A945F-C18B-48A7-9473-B2A4E32A37A2}.Debug|Any CPU.ActiveCfg = Debug|Any CPU
		{7B0A945F-C18B-48A7-9473-B2A4E32A37A2}.Debug|Any CPU.Build.0 = Debug|Any CPU
		{7B0A945F-C18B-48A7-9473-B2A4E32A37A2}.Debug|x64.ActiveCfg = Debug|Any CPU
		{7B0A945F-C18B-48A7-9473-B2A4E32A37A2}.Debug|x64.Build.0 = Debug|Any CPU
		{7B0A945F-C18B-48A7-9473-B2A4E32A37A2}.Debug|x86.ActiveCfg = Debug|Any CPU
		{7B0A945F-C18B-48A7-9473-B2A4E32A37A2}.Debug|x86.Build.0 = Debug|Any CPU
		{7B0A945F-C18B-48A7-9473-B2A4E32A37A2}.Release|Any CPU.ActiveCfg = Release|Any CPU
		{7B0A945F-C18B-48A7-9473-B2A4E32A37A2}.Release|Any CPU.Build.0 = Release|Any CPU
		{7B0A945F-C18B-48A7-9473-B2A4E32A37A2}.Release|x64.ActiveCfg = Release|Any CPU
		{7B0A945F-C18B-48A7-9473-B2A4E32A37A2}.Release|x64.Build.0 = Release|Any CPU
		{7B0A945F-C18B-48A7-9473-B2A4E32A37A2}.Release|x86.ActiveCfg = Release|Any CPU
		{7B0A945F-C18B-48A7-9473-B2A4E32A37A2}.Release|x86.Build.0 = Release|Any CPU
		{2D25EE56-A5D9-48DA-926A-5061D5C8F357}.Debug|Any CPU.ActiveCfg = Debug|Any CPU
		{2D25EE56-A5D9-48DA-926A-5061D5C8F357}.Debug|Any CPU.Build.0 = Debug|Any CPU
		{2D25EE56-A5D9-48DA-926A-5061D5C8F357}.Debug|x64.ActiveCfg = Debug|Any CPU
		{2D25EE56-A5D9-48DA-926A-5061D5C8F357}.Debug|x64.Build.0 = Debug|Any CPU
		{2D25EE56-A5D9-48DA-926A-5061D5C8F357}.Debug|x86.ActiveCfg = Debug|Any CPU
		{2D25EE56-A5D9-48DA-926A-5061D5C8F357}.Debug|x86.Build.0 = Debug|Any CPU
		{2D25EE56-A5D9-48DA-926A-5061D5C8F357}.Release|Any CPU.ActiveCfg = Release|Any CPU
		{2D25EE56-A5D9-48DA-926A-5061D5C8F357}.Release|Any CPU.Build.0 = Release|Any CPU
		{2D25EE56-A5D9-48DA-926A-5061D5C8F357}.Release|x64.ActiveCfg = Release|Any CPU
		{2D25EE56-A5D9-48DA-926A-5061D5C8F357}.Release|x64.Build.0 = Release|Any CPU
		{2D25EE56-A5D9-48DA-926A-5061D5C8F357}.Release|x86.ActiveCfg = Release|Any CPU
		{2D25EE56-A5D9-48DA-926A-5061D5C8F357}.Release|x86.Build.0 = Release|Any CPU
		{CBA10B31-E922-4F6F-81C2-65F63F51491F}.Debug|Any CPU.ActiveCfg = Debug|Any CPU
		{CBA10B31-E922-4F6F-81C2-65F63F51491F}.Debug|Any CPU.Build.0 = Debug|Any CPU
		{CBA10B31-E922-4F6F-81C2-65F63F51491F}.Debug|x64.ActiveCfg = Debug|Any CPU
		{CBA10B31-E922-4F6F-81C2-65F63F51491F}.Debug|x64.Build.0 = Debug|Any CPU
		{CBA10B31-E922-4F6F-81C2-65F63F51491F}.Debug|x86.ActiveCfg = Debug|Any CPU
		{CBA10B31-E922-4F6F-81C2-65F63F51491F}.Debug|x86.Build.0 = Debug|Any CPU
		{CBA10B31-E922-4F6F-81C2-65F63F51491F}.Release|Any CPU.ActiveCfg = Release|Any CPU
		{CBA10B31-E922-4F6F-81C2-65F63F51491F}.Release|Any CPU.Build.0 = Release|Any CPU
		{CBA10B31-E922-4F6F-81C2-65F63F51491F}.Release|x64.ActiveCfg = Release|Any CPU
		{CBA10B31-E922-4F6F-81C2-65F63F51491F}.Release|x64.Build.0 = Release|Any CPU
		{CBA10B31-E922-4F6F-81C2-65F63F51491F}.Release|x86.ActiveCfg = Release|Any CPU
		{CBA10B31-E922-4F6F-81C2-65F63F51491F}.Release|x86.Build.0 = Release|Any CPU
		{70680790-9B71-4600-8AD6-2A29739ECE22}.Debug|Any CPU.ActiveCfg = Debug|Any CPU
		{70680790-9B71-4600-8AD6-2A29739ECE22}.Debug|Any CPU.Build.0 = Debug|Any CPU
		{70680790-9B71-4600-8AD6-2A29739ECE22}.Debug|x64.ActiveCfg = Debug|Any CPU
		{70680790-9B71-4600-8AD6-2A29739ECE22}.Debug|x64.Build.0 = Debug|Any CPU
		{70680790-9B71-4600-8AD6-2A29739ECE22}.Debug|x86.ActiveCfg = Debug|Any CPU
		{70680790-9B71-4600-8AD6-2A29739ECE22}.Debug|x86.Build.0 = Debug|Any CPU
		{70680790-9B71-4600-8AD6-2A29739ECE22}.Release|Any CPU.ActiveCfg = Release|Any CPU
		{70680790-9B71-4600-8AD6-2A29739ECE22}.Release|Any CPU.Build.0 = Release|Any CPU
		{70680790-9B71-4600-8AD6-2A29739ECE22}.Release|x64.ActiveCfg = Release|Any CPU
		{70680790-9B71-4600-8AD6-2A29739ECE22}.Release|x64.Build.0 = Release|Any CPU
		{70680790-9B71-4600-8AD6-2A29739ECE22}.Release|x86.ActiveCfg = Release|Any CPU
		{70680790-9B71-4600-8AD6-2A29739ECE22}.Release|x86.Build.0 = Release|Any CPU
		{00B6D639-35EC-4E85-8398-4015F071425F}.Debug|Any CPU.ActiveCfg = Debug|Any CPU
		{00B6D639-35EC-4E85-8398-4015F071425F}.Debug|Any CPU.Build.0 = Debug|Any CPU
		{00B6D639-35EC-4E85-8398-4015F071425F}.Debug|x64.ActiveCfg = Debug|Any CPU
		{00B6D639-35EC-4E85-8398-4015F071425F}.Debug|x64.Build.0 = Debug|Any CPU
		{00B6D639-35EC-4E85-8398-4015F071425F}.Debug|x86.ActiveCfg = Debug|Any CPU
		{00B6D639-35EC-4E85-8398-4015F071425F}.Debug|x86.Build.0 = Debug|Any CPU
		{00B6D639-35EC-4E85-8398-4015F071425F}.Release|Any CPU.ActiveCfg = Release|Any CPU
		{00B6D639-35EC-4E85-8398-4015F071425F}.Release|Any CPU.Build.0 = Release|Any CPU
		{00B6D639-35EC-4E85-8398-4015F071425F}.Release|x64.ActiveCfg = Release|Any CPU
		{00B6D639-35EC-4E85-8398-4015F071425F}.Release|x64.Build.0 = Release|Any CPU
		{00B6D639-35EC-4E85-8398-4015F071425F}.Release|x86.ActiveCfg = Release|Any CPU
		{00B6D639-35EC-4E85-8398-4015F071425F}.Release|x86.Build.0 = Release|Any CPU
	EndGlobalSection
	GlobalSection(SolutionProperties) = preSolution
		HideSolutionNode = FALSE
	EndGlobalSection
	GlobalSection(NestedProjects) = preSolution
		{CA5C77C6-96D9-42B6-96BC-1B239CD1E697} = {827E0CD3-B72D-47B6-A68D-7590B98EB39B}
		{5C663A5A-D78C-44FF-8605-1E52E78CA3FF} = {827E0CD3-B72D-47B6-A68D-7590B98EB39B}
		{35F8CE80-BAD6-488C-9F28-A380B1C8282E} = {827E0CD3-B72D-47B6-A68D-7590B98EB39B}
		{9D2BE7B8-4882-4A95-AA68-D710E8D2F60E} = {827E0CD3-B72D-47B6-A68D-7590B98EB39B}
		{67B819E5-285A-40BC-8DE1-2FF63E726701} = {827E0CD3-B72D-47B6-A68D-7590B98EB39B}
		{203D9E4B-5A43-428E-9730-6944F57D8BC8} = {827E0CD3-B72D-47B6-A68D-7590B98EB39B}
		{A3448536-EB1D-4919-895F-19D92F29DFE4} = {827E0CD3-B72D-47B6-A68D-7590B98EB39B}
		{BCE3F28C-6E56-4B9B-8852-92CD471F5B5F} = {B3037B5C-2746-4A56-A833-2A9B804C8821}
		{89C8B6A4-9153-4F89-AF78-010E71F130DE} = {B3037B5C-2746-4A56-A833-2A9B804C8821}
		{3859F07D-EE1E-44E4-ADFD-33DA0F278C3E} = {B3037B5C-2746-4A56-A833-2A9B804C8821}
		{A8BFF017-1D12-4FA1-AC44-78CC09EB8CEA} = {B3037B5C-2746-4A56-A833-2A9B804C8821}
		{AB3A3381-6BCB-41A6-903B-CA5F980CC0AA} = {B3037B5C-2746-4A56-A833-2A9B804C8821}
		{DE1908D0-495C-4446-960F-3515284E47E1} = {B3037B5C-2746-4A56-A833-2A9B804C8821}
		{DA308016-594C-4957-8623-6AF972825664} = {B3037B5C-2746-4A56-A833-2A9B804C8821}
		{22DE58A7-0E8A-4FFA-AED0-7F0E41CDD8A5} = {6A6B7B5C-2746-4A56-A833-2A9B804C8822}
		{AC053A90-BD94-49FB-89F4-1615DB2EC57E} = {B3037B5C-2746-4A56-A833-2A9B804C8821}
		{595D7626-D832-4BCA-B4BE-B0FFC9342D8B} = {827E0CD3-B72D-47B6-A68D-7590B98EB39B}
		{7B0A945F-C18B-48A7-9473-B2A4E32A37A2} = {827E0CD3-B72D-47B6-A68D-7590B98EB39B}
		{2D25EE56-A5D9-48DA-926A-5061D5C8F357} = {6A6B7B5C-2746-4A56-A833-2A9B804C8822}
		{CBA10B31-E922-4F6F-81C2-65F63F51491F} = {B3037B5C-2746-4A56-A833-2A9B804C8821}
		{70680790-9B71-4600-8AD6-2A29739ECE22} = {B3037B5C-2746-4A56-A833-2A9B804C8821}
		{00B6D639-35EC-4E85-8398-4015F071425F} = {B3037B5C-2746-4A56-A833-2A9B804C8821}
	EndGlobalSection
EndGlobal
